
Microsoft Visual Studio Solution File, Format Version 12.00
# Visual Studio Version 16
VisualStudioVersion = 16.0.31402.337
MinimumVisualStudioVersion = 10.0.40219.1
Project("{FAE04EC0-301F-11D3-BF4B-00C04F79EFBC}") = "Huvudmeny", "Huvudmeny\Huvudmeny.csproj", "{7A2612BE-5FE3-4221-9B99-67B3D8DB02D9}"
EndProject
Global
	GlobalSection(SolutionConfigurationPlatforms) = preSolution
		Debug|Any CPU = Debug|Any CPU
		Release|Any CPU = Release|Any CPU
	EndGlobalSection
	GlobalSection(ProjectConfigurationPlatforms) = postSolution
		{7A2612BE-5FE3-4221-9B99-67B3D8DB02D9}.Debug|Any CPU.ActiveCfg = Debug|Any CPU
		{7A2612BE-5FE3-4221-9B99-67B3D8DB02D9}.Debug|Any CPU.Build.0 = Debug|Any CPU
		{7A2612BE-5FE3-4221-9B99-67B3D8DB02D9}.Release|Any CPU.ActiveCfg = Release|Any CPU
		{7A2612BE-5FE3-4221-9B99-67B3D8DB02D9}.Release|Any CPU.Build.0 = Release|Any CPU
	EndGlobalSection
	GlobalSection(SolutionProperties) = preSolution
		HideSolutionNode = FALSE
	EndGlobalSection
	GlobalSection(ExtensibilityGlobals) = postSolution
		SolutionGuid = {297A44DB-B26D-4304-BB98-021B376FBDE3}
	EndGlobalSection
EndGlobal
